
Microsoft Visual Studio Solution File, Format Version 12.00
# Visual Studio Version 17
VisualStudioVersion = 17.0.31903.59
MinimumVisualStudioVersion = 10.0.40219.1
Project("{FAE04EC0-301F-11D3-BF4B-00C04F79EFBC}") = "DL.GameOfLife.Api", "DL.GameOfLife.Api\DL.GameOfLife.Api.csproj", "{52DCCDF7-9175-42F2-BCF6-CCFA0D623174}"
EndProject
Project("{FAE04EC0-301F-11D3-BF4B-00C04F79EFBC}") = "DL.GameOfLife.Domain", "DL.GameOfLife.Domain\DL.GameOfLife.Domain.csproj", "{B73B16D4-6B59-4B18-AF45-2D8EC90BB527}"
EndProject
Project("{FAE04EC0-301F-11D3-BF4B-00C04F79EFBC}") = "DL.GameOfLife.Data", "DL.GameOfLife.Data\DL.GameOfLife.Data.csproj", "{066C3E7B-5AED-4117-89D5-6F68472D3CFC}"
EndProject
Project("{FAE04EC0-301F-11D3-BF4B-00C04F79EFBC}") = "DL.GameOfLife.Service", "DL.GameOfLife.Service\DL.GameOfLife.Service.csproj", "{18194EEF-0736-4774-9A58-74999E47F06D}"
EndProject
Project("{2150E333-8FDC-42A3-9474-1A3956D46DE8}") = "1-Api", "1-Api", "{CAFE7CFD-3C9A-B2FF-BD1C-46EF3279F9CB}"
EndProject
Project("{2150E333-8FDC-42A3-9474-1A3956D46DE8}") = "2-Domain", "2-Domain", "{C6A5E005-5839-E75D-BC74-BF6C295B1A62}"
EndProject
Project("{2150E333-8FDC-42A3-9474-1A3956D46DE8}") = "3-Service", "3-Service", "{335A2C9C-3164-1907-A440-C922547047C9}"
EndProject
Project("{2150E333-8FDC-42A3-9474-1A3956D46DE8}") = "4-Infrastructure", "4-Infrastructure", "{570C1532-13CA-F497-CA68-30EC18555A83}"
EndProject
Project("{2150E333-8FDC-42A3-9474-1A3956D46DE8}") = "4.1-Data", "4.1-Data", "{7F0ECD8C-6BC6-92B7-5456-001B67506BF5}"
EndProject
Project("{2150E333-8FDC-42A3-9474-1A3956D46DE8}") = "5-Tests", "5-Tests", "{3DE317BB-6F5C-8DC8-3308-7F794E1E843A}"
EndProject
Project("{FAE04EC0-301F-11D3-BF4B-00C04F79EFBC}") = "DL.GameOfLife.Tests", "DL.GameOfLife.Tests\DL.GameOfLife.Tests.csproj", "{684D1F6E-9B23-4E24-8DB8-ED2D5FF69C5F}"
EndProject
Project("{2150E333-8FDC-42A3-9474-1A3956D46DE8}") = "4.2-Extensions", "4.2-Extensions", "{6E546BFE-A6EE-9925-8ADD-7C1692DD7D18}"
EndProject
Project("{FAE04EC0-301F-11D3-BF4B-00C04F79EFBC}") = "DL.GameOfLife.Extensions", "DL.GameOfLife.Extensions\DL.GameOfLife.Extensions.csproj", "{7727F3AF-140E-421E-966F-D8688AE0D86B}"
EndProject
Project("{FAE04EC0-301F-11D3-BF4B-00C04F79EFBC}") = "DL.GameOfLife.Models", "DL.GameOfLife.Models\DL.GameOfLife.Models.csproj", "{953EC2A0-F150-47C3-A81B-4757D874CD55}"
EndProject
Global
	GlobalSection(SolutionConfigurationPlatforms) = preSolution
		Debug|Any CPU = Debug|Any CPU
		Debug|x64 = Debug|x64
		Debug|x86 = Debug|x86
		Release|Any CPU = Release|Any CPU
		Release|x64 = Release|x64
		Release|x86 = Release|x86
	EndGlobalSection
	GlobalSection(ProjectConfigurationPlatforms) = postSolution
		{52DCCDF7-9175-42F2-BCF6-CCFA0D623174}.Debug|Any CPU.ActiveCfg = Debug|Any CPU
		{52DCCDF7-9175-42F2-BCF6-CCFA0D623174}.Debug|Any CPU.Build.0 = Debug|Any CPU
		{52DCCDF7-9175-42F2-BCF6-CCFA0D623174}.Debug|x64.ActiveCfg = Debug|Any CPU
		{52DCCDF7-9175-42F2-BCF6-CCFA0D623174}.Debug|x64.Build.0 = Debug|Any CPU
		{52DCCDF7-9175-42F2-BCF6-CCFA0D623174}.Debug|x86.ActiveCfg = Debug|Any CPU
		{52DCCDF7-9175-42F2-BCF6-CCFA0D623174}.Debug|x86.Build.0 = Debug|Any CPU
		{52DCCDF7-9175-42F2-BCF6-CCFA0D623174}.Release|Any CPU.ActiveCfg = Release|Any CPU
		{52DCCDF7-9175-42F2-BCF6-CCFA0D623174}.Release|Any CPU.Build.0 = Release|Any CPU
		{52DCCDF7-9175-42F2-BCF6-CCFA0D623174}.Release|x64.ActiveCfg = Release|Any CPU
		{52DCCDF7-9175-42F2-BCF6-CCFA0D623174}.Release|x64.Build.0 = Release|Any CPU
		{52DCCDF7-9175-42F2-BCF6-CCFA0D623174}.Release|x86.ActiveCfg = Release|Any CPU
		{52DCCDF7-9175-42F2-BCF6-CCFA0D623174}.Release|x86.Build.0 = Release|Any CPU
		{B73B16D4-6B59-4B18-AF45-2D8EC90BB527}.Debug|Any CPU.ActiveCfg = Debug|Any CPU
		{B73B16D4-6B59-4B18-AF45-2D8EC90BB527}.Debug|Any CPU.Build.0 = Debug|Any CPU
		{B73B16D4-6B59-4B18-AF45-2D8EC90BB527}.Debug|x64.ActiveCfg = Debug|Any CPU
		{B73B16D4-6B59-4B18-AF45-2D8EC90BB527}.Debug|x64.Build.0 = Debug|Any CPU
		{B73B16D4-6B59-4B18-AF45-2D8EC90BB527}.Debug|x86.ActiveCfg = Debug|Any CPU
		{B73B16D4-6B59-4B18-AF45-2D8EC90BB527}.Debug|x86.Build.0 = Debug|Any CPU
		{B73B16D4-6B59-4B18-AF45-2D8EC90BB527}.Release|Any CPU.ActiveCfg = Release|Any CPU
		{B73B16D4-6B59-4B18-AF45-2D8EC90BB527}.Release|Any CPU.Build.0 = Release|Any CPU
		{B73B16D4-6B59-4B18-AF45-2D8EC90BB527}.Release|x64.ActiveCfg = Release|Any CPU
		{B73B16D4-6B59-4B18-AF45-2D8EC90BB527}.Release|x64.Build.0 = Release|Any CPU
		{B73B16D4-6B59-4B18-AF45-2D8EC90BB527}.Release|x86.ActiveCfg = Release|Any CPU
		{B73B16D4-6B59-4B18-AF45-2D8EC90BB527}.Release|x86.Build.0 = Release|Any CPU
		{066C3E7B-5AED-4117-89D5-6F68472D3CFC}.Debug|Any CPU.ActiveCfg = Debug|Any CPU
		{066C3E7B-5AED-4117-89D5-6F68472D3CFC}.Debug|Any CPU.Build.0 = Debug|Any CPU
		{066C3E7B-5AED-4117-89D5-6F68472D3CFC}.Debug|x64.ActiveCfg = Debug|Any CPU
		{066C3E7B-5AED-4117-89D5-6F68472D3CFC}.Debug|x64.Build.0 = Debug|Any CPU
		{066C3E7B-5AED-4117-89D5-6F68472D3CFC}.Debug|x86.ActiveCfg = Debug|Any CPU
		{066C3E7B-5AED-4117-89D5-6F68472D3CFC}.Debug|x86.Build.0 = Debug|Any CPU
		{066C3E7B-5AED-4117-89D5-6F68472D3CFC}.Release|Any CPU.ActiveCfg = Release|Any CPU
		{066C3E7B-5AED-4117-89D5-6F68472D3CFC}.Release|Any CPU.Build.0 = Release|Any CPU
		{066C3E7B-5AED-4117-89D5-6F68472D3CFC}.Release|x64.ActiveCfg = Release|Any CPU
		{066C3E7B-5AED-4117-89D5-6F68472D3CFC}.Release|x64.Build.0 = Release|Any CPU
		{066C3E7B-5AED-4117-89D5-6F68472D3CFC}.Release|x86.ActiveCfg = Release|Any CPU
		{066C3E7B-5AED-4117-89D5-6F68472D3CFC}.Release|x86.Build.0 = Release|Any CPU
		{18194EEF-0736-4774-9A58-74999E47F06D}.Debug|Any CPU.ActiveCfg = Debug|Any CPU
		{18194EEF-0736-4774-9A58-74999E47F06D}.Debug|Any CPU.Build.0 = Debug|Any CPU
		{18194EEF-0736-4774-9A58-74999E47F06D}.Debug|x64.ActiveCfg = Debug|Any CPU
		{18194EEF-0736-4774-9A58-74999E47F06D}.Debug|x64.Build.0 = Debug|Any CPU
		{18194EEF-0736-4774-9A58-74999E47F06D}.Debug|x86.ActiveCfg = Debug|Any CPU
		{18194EEF-0736-4774-9A58-74999E47F06D}.Debug|x86.Build.0 = Debug|Any CPU
		{18194EEF-0736-4774-9A58-74999E47F06D}.Release|Any CPU.ActiveCfg = Release|Any CPU
		{18194EEF-0736-4774-9A58-74999E47F06D}.Release|Any CPU.Build.0 = Release|Any CPU
		{18194EEF-0736-4774-9A58-74999E47F06D}.Release|x64.ActiveCfg = Release|Any CPU
		{18194EEF-0736-4774-9A58-74999E47F06D}.Release|x64.Build.0 = Release|Any CPU
		{18194EEF-0736-4774-9A58-74999E47F06D}.Release|x86.ActiveCfg = Release|Any CPU
		{18194EEF-0736-4774-9A58-74999E47F06D}.Release|x86.Build.0 = Release|Any CPU
		{684D1F6E-9B23-4E24-8DB8-ED2D5FF69C5F}.Debug|Any CPU.ActiveCfg = Debug|Any CPU
		{684D1F6E-9B23-4E24-8DB8-ED2D5FF69C5F}.Debug|Any CPU.Build.0 = Debug|Any CPU
		{684D1F6E-9B23-4E24-8DB8-ED2D5FF69C5F}.Debug|x64.ActiveCfg = Debug|Any CPU
		{684D1F6E-9B23-4E24-8DB8-ED2D5FF69C5F}.Debug|x64.Build.0 = Debug|Any CPU
		{684D1F6E-9B23-4E24-8DB8-ED2D5FF69C5F}.Debug|x86.ActiveCfg = Debug|Any CPU
		{684D1F6E-9B23-4E24-8DB8-ED2D5FF69C5F}.Debug|x86.Build.0 = Debug|Any CPU
		{684D1F6E-9B23-4E24-8DB8-ED2D5FF69C5F}.Release|Any CPU.ActiveCfg = Release|Any CPU
		{684D1F6E-9B23-4E24-8DB8-ED2D5FF69C5F}.Release|Any CPU.Build.0 = Release|Any CPU
		{684D1F6E-9B23-4E24-8DB8-ED2D5FF69C5F}.Release|x64.ActiveCfg = Release|Any CPU
		{684D1F6E-9B23-4E24-8DB8-ED2D5FF69C5F}.Release|x64.Build.0 = Release|Any CPU
		{684D1F6E-9B23-4E24-8DB8-ED2D5FF69C5F}.Release|x86.ActiveCfg = Release|Any CPU
		{684D1F6E-9B23-4E24-8DB8-ED2D5FF69C5F}.Release|x86.Build.0 = Release|Any CPU
		{7727F3AF-140E-421E-966F-D8688AE0D86B}.Debug|Any CPU.ActiveCfg = Debug|Any CPU
		{7727F3AF-140E-421E-966F-D8688AE0D86B}.Debug|Any CPU.Build.0 = Debug|Any CPU
		{7727F3AF-140E-421E-966F-D8688AE0D86B}.Debug|x64.ActiveCfg = Debug|Any CPU
		{7727F3AF-140E-421E-966F-D8688AE0D86B}.Debug|x64.Build.0 = Debug|Any CPU
		{7727F3AF-140E-421E-966F-D8688AE0D86B}.Debug|x86.ActiveCfg = Debug|Any CPU
		{7727F3AF-140E-421E-966F-D8688AE0D86B}.Debug|x86.Build.0 = Debug|Any CPU
		{7727F3AF-140E-421E-966F-D8688AE0D86B}.Release|Any CPU.ActiveCfg = Release|Any CPU
		{7727F3AF-140E-421E-966F-D8688AE0D86B}.Release|Any CPU.Build.0 = Release|Any CPU
		{7727F3AF-140E-421E-966F-D8688AE0D86B}.Release|x64.ActiveCfg = Release|Any CPU
		{7727F3AF-140E-421E-966F-D8688AE0D86B}.Release|x64.Build.0 = Release|Any CPU
		{7727F3AF-140E-421E-966F-D8688AE0D86B}.Release|x86.ActiveCfg = Release|Any CPU
		{7727F3AF-140E-421E-966F-D8688AE0D86B}.Release|x86.Build.0 = Release|Any CPU
		{953EC2A0-F150-47C3-A81B-4757D874CD55}.Debug|Any CPU.ActiveCfg = Debug|Any CPU
		{953EC2A0-F150-47C3-A81B-4757D874CD55}.Debug|Any CPU.Build.0 = Debug|Any CPU
		{953EC2A0-F150-47C3-A81B-4757D874CD55}.Debug|x64.ActiveCfg = Debug|Any CPU
		{953EC2A0-F150-47C3-A81B-4757D874CD55}.Debug|x64.Build.0 = Debug|Any CPU
		{953EC2A0-F150-47C3-A81B-4757D874CD55}.Debug|x86.ActiveCfg = Debug|Any CPU
		{953EC2A0-F150-47C3-A81B-4757D874CD55}.Debug|x86.Build.0 = Debug|Any CPU
		{953EC2A0-F150-47C3-A81B-4757D874CD55}.Release|Any CPU.ActiveCfg = Release|Any CPU
		{953EC2A0-F150-47C3-A81B-4757D874CD55}.Release|Any CPU.Build.0 = Release|Any CPU
		{953EC2A0-F150-47C3-A81B-4757D874CD55}.Release|x64.ActiveCfg = Release|Any CPU
		{953EC2A0-F150-47C3-A81B-4757D874CD55}.Release|x64.Build.0 = Release|Any CPU
		{953EC2A0-F150-47C3-A81B-4757D874CD55}.Release|x86.ActiveCfg = Release|Any CPU
		{953EC2A0-F150-47C3-A81B-4757D874CD55}.Release|x86.Build.0 = Release|Any CPU
	EndGlobalSection
	GlobalSection(SolutionProperties) = preSolution
		HideSolutionNode = FALSE
	EndGlobalSection
	GlobalSection(NestedProjects) = preSolution
		{52DCCDF7-9175-42F2-BCF6-CCFA0D623174} = {CAFE7CFD-3C9A-B2FF-BD1C-46EF3279F9CB}
		{B73B16D4-6B59-4B18-AF45-2D8EC90BB527} = {C6A5E005-5839-E75D-BC74-BF6C295B1A62}
		{066C3E7B-5AED-4117-89D5-6F68472D3CFC} = {7F0ECD8C-6BC6-92B7-5456-001B67506BF5}
		{18194EEF-0736-4774-9A58-74999E47F06D} = {335A2C9C-3164-1907-A440-C922547047C9}
		{7F0ECD8C-6BC6-92B7-5456-001B67506BF5} = {570C1532-13CA-F497-CA68-30EC18555A83}
		{684D1F6E-9B23-4E24-8DB8-ED2D5FF69C5F} = {3DE317BB-6F5C-8DC8-3308-7F794E1E843A}
		{6E546BFE-A6EE-9925-8ADD-7C1692DD7D18} = {570C1532-13CA-F497-CA68-30EC18555A83}
		{7727F3AF-140E-421E-966F-D8688AE0D86B} = {6E546BFE-A6EE-9925-8ADD-7C1692DD7D18}
		{953EC2A0-F150-47C3-A81B-4757D874CD55} = {CAFE7CFD-3C9A-B2FF-BD1C-46EF3279F9CB}
	EndGlobalSection
EndGlobal
